
Microsoft Visual Studio Solution File, Format Version 12.00
# Visual Studio Version 17
VisualStudioVersion = 17.10.35004.147
MinimumVisualStudioVersion = 10.0.40219.1
Project("{FAE04EC0-301F-11D3-BF4B-00C04F79EFBC}") = "PAM-Projects", "PAM-Projects\PAM-Projects.csproj", "{942EEFC3-ED24-42FA-AEB2-653D5A0830CF}"
EndProject
Global
	GlobalSection(SolutionConfigurationPlatforms) = preSolution
		Debug|Any CPU = Debug|Any CPU
		Release|Any CPU = Release|Any CPU
	EndGlobalSection
	GlobalSection(ProjectConfigurationPlatforms) = postSolution
		{942EEFC3-ED24-42FA-AEB2-653D5A0830CF}.Debug|Any CPU.ActiveCfg = Debug|Any CPU
		{942EEFC3-ED24-42FA-AEB2-653D5A0830CF}.Debug|Any CPU.Build.0 = Debug|Any CPU
		{942EEFC3-ED24-42FA-AEB2-653D5A0830CF}.Debug|Any CPU.Deploy.0 = Debug|Any CPU
		{942EEFC3-ED24-42FA-AEB2-653D5A0830CF}.Release|Any CPU.ActiveCfg = Release|Any CPU
		{942EEFC3-ED24-42FA-AEB2-653D5A0830CF}.Release|Any CPU.Build.0 = Release|Any CPU
		{942EEFC3-ED24-42FA-AEB2-653D5A0830CF}.Release|Any CPU.Deploy.0 = Release|Any CPU
	EndGlobalSection
	GlobalSection(SolutionProperties) = preSolution
		HideSolutionNode = FALSE
	EndGlobalSection
	GlobalSection(ExtensibilityGlobals) = postSolution
		SolutionGuid = {731A5C33-A6CF-4DEC-8AD7-E338A94821F3}
	EndGlobalSection
EndGlobal
